// !$*UTF8*$!
{
	archiveVersion = 1;
	classes = {
	};
	objectVersion = 46;
	objects = {

/* Begin PBXBuildFile section */
		0402635D1DAF67ED0023D7B9 /* main.m in Sources */ = {isa = PBXBuildFile; fileRef = 0402635C1DAF67ED0023D7B9 /* main.m */; };
		040263601DAF67ED0023D7B9 /* AppDelegate.m in Sources */ = {isa = PBXBuildFile; fileRef = 0402635F1DAF67ED0023D7B9 /* AppDelegate.m */; };
		040263631DAF67ED0023D7B9 /* ViewController.m in Sources */ = {isa = PBXBuildFile; fileRef = 040263621DAF67ED0023D7B9 /* ViewController.m */; };
		040263661DAF67ED0023D7B9 /* Main.storyboard in Resources */ = {isa = PBXBuildFile; fileRef = 040263641DAF67ED0023D7B9 /* Main.storyboard */; };
		040263691DAF67ED0023D7B9 /* Runtime.xcdatamodeld in Sources */ = {isa = PBXBuildFile; fileRef = 040263671DAF67ED0023D7B9 /* Runtime.xcdatamodeld */; };
		0402636B1DAF67ED0023D7B9 /* Assets.xcassets in Resources */ = {isa = PBXBuildFile; fileRef = 0402636A1DAF67ED0023D7B9 /* Assets.xcassets */; };
		0402636E1DAF67ED0023D7B9 /* LaunchScreen.storyboard in Resources */ = {isa = PBXBuildFile; fileRef = 0402636C1DAF67ED0023D7B9 /* LaunchScreen.storyboard */; };
		040263771DAF67FE0023D7B9 /* Person.m in Sources */ = {isa = PBXBuildFile; fileRef = 040263761DAF67FE0023D7B9 /* Person.m */; };
		0402637A1DAF687A0023D7B9 /* NSObject+Runtime.m in Sources */ = {isa = PBXBuildFile; fileRef = 040263791DAF687A0023D7B9 /* NSObject+Runtime.m */; };
		04028ACF1DB46253007C53CA /* Person+Cotegory.m in Sources */ = {isa = PBXBuildFile; fileRef = 04028ACE1DB46253007C53CA /* Person+Cotegory.m */; };
		040A3B3D1DB07598000EEA1C /* NSObject+RuntimeUse.m in Sources */ = {isa = PBXBuildFile; fileRef = 040A3B3C1DB07598000EEA1C /* NSObject+RuntimeUse.m */; };
		04A0A73C1DB0C6C000142AFA /* UIImageView+RuntimeCrossoverMethod.m in Sources */ = {isa = PBXBuildFile; fileRef = 04A0A73B1DB0C6C000142AFA /* UIImageView+RuntimeCrossoverMethod.m */; };
		04A0A7431DB0CD5300142AFA /* image1.png in Resources */ = {isa = PBXBuildFile; fileRef = 04A0A73E1DB0CD5300142AFA /* image1.png */; };
		04A0A7441DB0CD5300142AFA /* image2.png in Resources */ = {isa = PBXBuildFile; fileRef = 04A0A73F1DB0CD5300142AFA /* image2.png */; };
		04A0A7451DB0CD5300142AFA /* image3.png in Resources */ = {isa = PBXBuildFile; fileRef = 04A0A7401DB0CD5300142AFA /* image3.png */; };
		04A0A7461DB0CD5300142AFA /* image4.png in Resources */ = {isa = PBXBuildFile; fileRef = 04A0A7411DB0CD5300142AFA /* image4.png */; };
		04A0A7471DB0CD5300142AFA /* image5.png in Resources */ = {isa = PBXBuildFile; fileRef = 04A0A7421DB0CD5300142AFA /* image5.png */; };
/* End PBXBuildFile section */

/* Begin PBXFileReference section */
		040263581DAF67ED0023D7B9 /* Runtime.app */ = {isa = PBXFileReference; explicitFileType = wrapper.application; includeInIndex = 0; path = Runtime.app; sourceTree = BUILT_PRODUCTS_DIR; };
		0402635C1DAF67ED0023D7B9 /* main.m */ = {isa = PBXFileReference; lastKnownFileType = sourcecode.c.objc; path = main.m; sourceTree = "<group>"; };
		0402635E1DAF67ED0023D7B9 /* AppDelegate.h */ = {isa = PBXFileReference; lastKnownFileType = sourcecode.c.h; path = AppDelegate.h; sourceTree = "<group>"; };
		0402635F1DAF67ED0023D7B9 /* AppDelegate.m */ = {isa = PBXFileReference; lastKnownFileType = sourcecode.c.objc; path = AppDelegate.m; sourceTree = "<group>"; };
		040263611DAF67ED0023D7B9 /* ViewController.h */ = {isa = PBXFileReference; lastKnownFileType = sourcecode.c.h; path = ViewController.h; sourceTree = "<group>"; };
		040263621DAF67ED0023D7B9 /* ViewController.m */ = {isa = PBXFileReference; lastKnownFileType = sourcecode.c.objc; path = ViewController.m; sourceTree = "<group>"; };
		040263651DAF67ED0023D7B9 /* Base */ = {isa = PBXFileReference; lastKnownFileType = file.storyboard; name = Base; path = Base.lproj/Main.storyboard; sourceTree = "<group>"; };
		040263681DAF67ED0023D7B9 /* Runtime.xcdatamodel */ = {isa = PBXFileReference; lastKnownFileType = wrapper.xcdatamodel; path = Runtime.xcdatamodel; sourceTree = "<group>"; };
		0402636A1DAF67ED0023D7B9 /* Assets.xcassets */ = {isa = PBXFileReference; lastKnownFileType = folder.assetcatalog; path = Assets.xcassets; sourceTree = "<group>"; };
		0402636D1DAF67ED0023D7B9 /* Base */ = {isa = PBXFileReference; lastKnownFileType = file.storyboard; name = Base; path = Base.lproj/LaunchScreen.storyboard; sourceTree = "<group>"; };
		0402636F1DAF67ED0023D7B9 /* Info.plist */ = {isa = PBXFileReference; lastKnownFileType = text.plist.xml; path = Info.plist; sourceTree = "<group>"; };
		040263751DAF67FE0023D7B9 /* Person.h */ = {isa = PBXFileReference; fileEncoding = 4; lastKnownFileType = sourcecode.c.h; path = Person.h; sourceTree = "<group>"; };
		040263761DAF67FE0023D7B9 /* Person.m */ = {isa = PBXFileReference; fileEncoding = 4; lastKnownFileType = sourcecode.c.objc; path = Person.m; sourceTree = "<group>"; };
		040263781DAF687A0023D7B9 /* NSObject+Runtime.h */ = {isa = PBXFileReference; fileEncoding = 4; lastKnownFileType = sourcecode.c.h; name = "NSObject+Runtime.h"; path = "../NSObject+Runtime.h"; sourceTree = "<group>"; };
		040263791DAF687A0023D7B9 /* NSObject+Runtime.m */ = {isa = PBXFileReference; fileEncoding = 4; lastKnownFileType = sourcecode.c.objc; name = "NSObject+Runtime.m"; path = "../NSObject+Runtime.m"; sourceTree = "<group>"; };
		04028ACD1DB46253007C53CA /* Person+Cotegory.h */ = {isa = PBXFileReference; fileEncoding = 4; lastKnownFileType = sourcecode.c.h; path = "Person+Cotegory.h"; sourceTree = "<group>"; };
		04028ACE1DB46253007C53CA /* Person+Cotegory.m */ = {isa = PBXFileReference; fileEncoding = 4; lastKnownFileType = sourcecode.c.objc; path = "Person+Cotegory.m"; sourceTree = "<group>"; };
		04028AD01DB46D68007C53CA /* PrefixHeader.pch */ = {isa = PBXFileReference; lastKnownFileType = sourcecode.c.h; path = PrefixHeader.pch; sourceTree = "<group>"; };
		040A3B3B1DB07598000EEA1C /* NSObject+RuntimeUse.h */ = {isa = PBXFileReference; fileEncoding = 4; lastKnownFileType = sourcecode.c.h; path = "NSObject+RuntimeUse.h"; sourceTree = "<group>"; };
		040A3B3C1DB07598000EEA1C /* NSObject+RuntimeUse.m */ = {isa = PBXFileReference; fileEncoding = 4; lastKnownFileType = sourcecode.c.objc; path = "NSObject+RuntimeUse.m"; sourceTree = "<group>"; };
		04A0A73A1DB0C6C000142AFA /* UIImageView+RuntimeCrossoverMethod.h */ = {isa = PBXFileReference; fileEncoding = 4; lastKnownFileType = sourcecode.c.h; path = "UIImageView+RuntimeCrossoverMethod.h"; sourceTree = "<group>"; };
		04A0A73B1DB0C6C000142AFA /* UIImageView+RuntimeCrossoverMethod.m */ = {isa = PBXFileReference; fileEncoding = 4; lastKnownFileType = sourcecode.c.objc; path = "UIImageView+RuntimeCrossoverMethod.m"; sourceTree = "<group>"; };
		04A0A73E1DB0CD5300142AFA /* image1.png */ = {isa = PBXFileReference; lastKnownFileType = image.png; path = image1.png; sourceTree = "<group>"; };
		04A0A73F1DB0CD5300142AFA /* image2.png */ = {isa = PBXFileReference; lastKnownFileType = image.png; path = image2.png; sourceTree = "<group>"; };
		04A0A7401DB0CD5300142AFA /* image3.png */ = {isa = PBXFileReference; lastKnownFileType = image.png; path = image3.png; sourceTree = "<group>"; };
		04A0A7411DB0CD5300142AFA /* image4.png */ = {isa = PBXFileReference; lastKnownFileType = image.png; path = image4.png; sourceTree = "<group>"; };
		04A0A7421DB0CD5300142AFA /* image5.png */ = {isa = PBXFileReference; lastKnownFileType = image.png; path = image5.png; sourceTree = "<group>"; };
/* End PBXFileReference section */

/* Begin PBXFrameworksBuildPhase section */
		040263551DAF67ED0023D7B9 /* Frameworks */ = {
			isa = PBXFrameworksBuildPhase;
			buildActionMask = 2147483647;
			files = (
			);
			runOnlyForDeploymentPostprocessing = 0;
		};
/* End PBXFrameworksBuildPhase section */

/* Begin PBXGroup section */
		0402634F1DAF67ED0023D7B9 = {
			isa = PBXGroup;
			children = (
				0402635A1DAF67ED0023D7B9 /* Runtime */,
				040263591DAF67ED0023D7B9 /* Products */,
			);
			sourceTree = "<group>";
		};
		040263591DAF67ED0023D7B9 /* Products */ = {
			isa = PBXGroup;
			children = (
				040263581DAF67ED0023D7B9 /* Runtime.app */,
			);
			name = Products;
			sourceTree = "<group>";
		};
		0402635A1DAF67ED0023D7B9 /* Runtime */ = {
			isa = PBXGroup;
			children = (
				04A0A73D1DB0CD5300142AFA /* image */,
				040A3B3A1DB07544000EEA1C /* SelfRuntime */,
				040263751DAF67FE0023D7B9 /* Person.h */,
				040263761DAF67FE0023D7B9 /* Person.m */,
				0402635E1DAF67ED0023D7B9 /* AppDelegate.h */,
				0402635F1DAF67ED0023D7B9 /* AppDelegate.m */,
				040263611DAF67ED0023D7B9 /* ViewController.h */,
				040263621DAF67ED0023D7B9 /* ViewController.m */,
				040263641DAF67ED0023D7B9 /* Main.storyboard */,
				0402636A1DAF67ED0023D7B9 /* Assets.xcassets */,
				0402636C1DAF67ED0023D7B9 /* LaunchScreen.storyboard */,
				0402636F1DAF67ED0023D7B9 /* Info.plist */,
				04028AD01DB46D68007C53CA /* PrefixHeader.pch */,
				040263671DAF67ED0023D7B9 /* Runtime.xcdatamodeld */,
				0402635B1DAF67ED0023D7B9 /* Supporting Files */,
			);
			path = Runtime;
			sourceTree = "<group>";
		};
		0402635B1DAF67ED0023D7B9 /* Supporting Files */ = {
			isa = PBXGroup;
			children = (
				0402635C1DAF67ED0023D7B9 /* main.m */,
			);
			name = "Supporting Files";
			sourceTree = "<group>";
		};
		040A3B3A1DB07544000EEA1C /* SelfRuntime */ = {
			isa = PBXGroup;
			children = (
				040A3B3B1DB07598000EEA1C /* NSObject+RuntimeUse.h */,
				040A3B3C1DB07598000EEA1C /* NSObject+RuntimeUse.m */,
				04A0A73A1DB0C6C000142AFA /* UIImageView+RuntimeCrossoverMethod.h */,
				04A0A73B1DB0C6C000142AFA /* UIImageView+RuntimeCrossoverMethod.m */,
				04028ACD1DB46253007C53CA /* Person+Cotegory.h */,
				04028ACE1DB46253007C53CA /* Person+Cotegory.m */,
				040263781DAF687A0023D7B9 /* NSObject+Runtime.h */,
				040263791DAF687A0023D7B9 /* NSObject+Runtime.m */,
			);
			path = SelfRuntime;
			sourceTree = "<group>";
		};
		04A0A73D1DB0CD5300142AFA /* image */ = {
			isa = PBXGroup;
			children = (
				04A0A73E1DB0CD5300142AFA /* image1.png */,
				04A0A73F1DB0CD5300142AFA /* image2.png */,
				04A0A7401DB0CD5300142AFA /* image3.png */,
				04A0A7411DB0CD5300142AFA /* image4.png */,
				04A0A7421DB0CD5300142AFA /* image5.png */,
			);
			path = image;
			sourceTree = "<group>";
		};
/* End PBXGroup section */

/* Begin PBXNativeTarget section */
		040263571DAF67ED0023D7B9 /* Runtime */ = {
			isa = PBXNativeTarget;
			buildConfigurationList = 040263721DAF67ED0023D7B9 /* Build configuration list for PBXNativeTarget "Runtime" */;
			buildPhases = (
				040263541DAF67ED0023D7B9 /* Sources */,
				040263551DAF67ED0023D7B9 /* Frameworks */,
				040263561DAF67ED0023D7B9 /* Resources */,
			);
			buildRules = (
			);
			dependencies = (
			);
			name = Runtime;
			productName = Runtime;
			productReference = 040263581DAF67ED0023D7B9 /* Runtime.app */;
			productType = "com.apple.product-type.application";
		};
/* End PBXNativeTarget section */

/* Begin PBXProject section */
		040263501DAF67ED0023D7B9 /* Project object */ = {
			isa = PBXProject;
			attributes = {
				LastUpgradeCheck = 0800;
				ORGANIZATIONNAME = hy;
				TargetAttributes = {
					040263571DAF67ED0023D7B9 = {
						CreatedOnToolsVersion = 8.0;
						DevelopmentTeam = 6UARGHV5EB;
						ProvisioningStyle = Automatic;
					};
				};
			};
			buildConfigurationList = 040263531DAF67ED0023D7B9 /* Build configuration list for PBXProject "Runtime" */;
			compatibilityVersion = "Xcode 3.2";
			developmentRegion = English;
			hasScannedForEncodings = 0;
			knownRegions = (
				en,
				Base,
			);
			mainGroup = 0402634F1DAF67ED0023D7B9;
			productRefGroup = 040263591DAF67ED0023D7B9 /* Products */;
			projectDirPath = "";
			projectRoot = "";
			targets = (
				040263571DAF67ED0023D7B9 /* Runtime */,
			);
		};
/* End PBXProject section */

/* Begin PBXResourcesBuildPhase section */
		040263561DAF67ED0023D7B9 /* Resources */ = {
			isa = PBXResourcesBuildPhase;
			buildActionMask = 2147483647;
			files = (
				0402636E1DAF67ED0023D7B9 /* LaunchScreen.storyboard in Resources */,
				04A0A7451DB0CD5300142AFA /* image3.png in Resources */,
				04A0A7441DB0CD5300142AFA /* image2.png in Resources */,
				04A0A7431DB0CD5300142AFA /* image1.png in Resources */,
				04A0A7461DB0CD5300142AFA /* image4.png in Resources */,
				04A0A7471DB0CD5300142AFA /* image5.png in Resources */,
				0402636B1DAF67ED0023D7B9 /* Assets.xcassets in Resources */,
				040263661DAF67ED0023D7B9 /* Main.storyboard in Resources */,
			);
			runOnlyForDeploymentPostprocessing = 0;
		};
/* End PBXResourcesBuildPhase section */

/* Begin PBXSourcesBuildPhase section */
		040263541DAF67ED0023D7B9 /* Sources */ = {
			isa = PBXSourcesBuildPhase;
			buildActionMask = 2147483647;
			files = (
				040A3B3D1DB07598000EEA1C /* NSObject+RuntimeUse.m in Sources */,
				04A0A73C1DB0C6C000142AFA /* UIImageView+RuntimeCrossoverMethod.m in Sources */,
				040263691DAF67ED0023D7B9 /* Runtime.xcdatamodeld in Sources */,
				040263631DAF67ED0023D7B9 /* ViewController.m in Sources */,
				04028ACF1DB46253007C53CA /* Person+Cotegory.m in Sources */,
				0402637A1DAF687A0023D7B9 /* NSObject+Runtime.m in Sources */,
				040263771DAF67FE0023D7B9 /* Person.m in Sources */,
				040263601DAF67ED0023D7B9 /* AppDelegate.m in Sources */,
				0402635D1DAF67ED0023D7B9 /* main.m in Sources */,
			);
			runOnlyForDeploymentPostprocessing = 0;
		};
/* End PBXSourcesBuildPhase section */

/* Begin PBXVariantGroup section */
		040263641DAF67ED0023D7B9 /* Main.storyboard */ = {
			isa = PBXVariantGroup;
			children = (
				040263651DAF67ED0023D7B9 /* Base */,
			);
			name = Main.storyboard;
			sourceTree = "<group>";
		};
		0402636C1DAF67ED0023D7B9 /* LaunchScreen.storyboard */ = {
			isa = PBXVariantGroup;
			children = (
				0402636D1DAF67ED0023D7B9 /* Base */,
			);
			name = LaunchScreen.storyboard;
			sourceTree = "<group>";
		};
/* End PBXVariantGroup section */

/* Begin XCBuildConfiguration section */
		040263701DAF67ED0023D7B9 /* Debug */ = {
			isa = XCBuildConfiguration;
			buildSettings = {
				ALWAYS_SEARCH_USER_PATHS = NO;
				CLANG_ANALYZER_NONNULL = YES;
				CLANG_CXX_LANGUAGE_STANDARD = "gnu++0x";
				CLANG_CXX_LIBRARY = "libc++";
				CLANG_ENABLE_MODULES = YES;
				CLANG_ENABLE_OBJC_ARC = YES;
				CLANG_WARN_BOOL_CONVERSION = YES;
				CLANG_WARN_CONSTANT_CONVERSION = YES;
				CLANG_WARN_DIRECT_OBJC_ISA_USAGE = YES_ERROR;
				CLANG_WARN_DOCUMENTATION_COMMENTS = YES;
				CLANG_WARN_EMPTY_BODY = YES;
				CLANG_WARN_ENUM_CONVERSION = YES;
				CLANG_WARN_INFINITE_RECURSION = YES;
				CLANG_WARN_INT_CONVERSION = YES;
				CLANG_WARN_OBJC_ROOT_CLASS = YES_ERROR;
				CLANG_WARN_SUSPICIOUS_MOVES = YES;
				CLANG_WARN_UNREACHABLE_CODE = YES;
				CLANG_WARN__DUPLICATE_METHOD_MATCH = YES;
				"CODE_SIGN_IDENTITY[sdk=iphoneos*]" = "iPhone Developer";
				COPY_PHASE_STRIP = NO;
				DEBUG_INFORMATION_FORMAT = dwarf;
				ENABLE_STRICT_OBJC_MSGSEND = YES;
				ENABLE_TESTABILITY = YES;
				GCC_C_LANGUAGE_STANDARD = gnu99;
				GCC_DYNAMIC_NO_PIC = NO;
				GCC_NO_COMMON_BLOCKS = YES;
				GCC_OPTIMIZATION_LEVEL = 0;
				GCC_PREPROCESSOR_DEFINITIONS = (
					"DEBUG=1",
					"$(inherited)",
				);
				GCC_WARN_64_TO_32_BIT_CONVERSION = YES;
				GCC_WARN_ABOUT_RETURN_TYPE = YES_ERROR;
				GCC_WARN_UNDECLARED_SELECTOR = YES;
				GCC_WARN_UNINITIALIZED_AUTOS = YES_AGGRESSIVE;
				GCC_WARN_UNUSED_FUNCTION = YES;
				GCC_WARN_UNUSED_VARIABLE = YES;
				IPHONEOS_DEPLOYMENT_TARGET = 10.0;
				MTL_ENABLE_DEBUG_INFO = YES;
				ONLY_ACTIVE_ARCH = YES;
				SDKROOT = iphoneos;
			};
			name = Debug;
		};
		040263711DAF67ED0023D7B9 /* Release */ = {
			isa = XCBuildConfiguration;
			buildSettings = {
				ALWAYS_SEARCH_USER_PATHS = NO;
				CLANG_ANALYZER_NONNULL = YES;
				CLANG_CXX_LANGUAGE_STANDARD = "gnu++0x";
				CLANG_CXX_LIBRARY = "libc++";
				CLANG_ENABLE_MODULES = YES;
				CLANG_ENABLE_OBJC_ARC = YES;
				CLANG_WARN_BOOL_CONVERSION = YES;
				CLANG_WARN_CONSTANT_CONVERSION = YES;
				CLANG_WARN_DIRECT_OBJC_ISA_USAGE = YES_ERROR;
				CLANG_WARN_DOCUMENTATION_COMMENTS = YES;
				CLANG_WARN_EMPTY_BODY = YES;
				CLANG_WARN_ENUM_CONVERSION = YES;
				CLANG_WARN_INFINITE_RECURSION = YES;
				CLANG_WARN_INT_CONVERSION = YES;
				CLANG_WARN_OBJC_ROOT_CLASS = YES_ERROR;
				CLANG_WARN_SUSPICIOUS_MOVES = YES;
				CLANG_WARN_UNREACHABLE_CODE = YES;
				CLANG_WARN__DUPLICATE_METHOD_MATCH = YES;
				"CODE_SIGN_IDENTITY[sdk=iphoneos*]" = "iPhone Developer";
				COPY_PHASE_STRIP = NO;
				DEBUG_INFORMATION_FORMAT = "dwarf-with-dsym";
				ENABLE_NS_ASSERTIONS = NO;
				ENABLE_STRICT_OBJC_MSGSEND = YES;
				GCC_C_LANGUAGE_STANDARD = gnu99;
				GCC_NO_COMMON_BLOCKS = YES;
				GCC_WARN_64_TO_32_BIT_CONVERSION = YES;
				GCC_WARN_ABOUT_RETURN_TYPE = YES_ERROR;
				GCC_WARN_UNDECLARED_SELECTOR = YES;
				GCC_WARN_UNINITIALIZED_AUTOS = YES_AGGRESSIVE;
				GCC_WARN_UNUSED_FUNCTION = YES;
				GCC_WARN_UNUSED_VARIABLE = YES;
				IPHONEOS_DEPLOYMENT_TARGET = 10.0;
				MTL_ENABLE_DEBUG_INFO = NO;
				SDKROOT = iphoneos;
				VALIDATE_PRODUCT = YES;
			};
			name = Release;
		};
		040263731DAF67ED0023D7B9 /* Debug */ = {
			isa = XCBuildConfiguration;
			buildSettings = {
				ASSETCATALOG_COMPILER_APPICON_NAME = AppIcon;
				DEVELOPMENT_TEAM = 6UARGHV5EB;
				GCC_PREFIX_HEADER = "$(SRCROOT)/Runtime/PrefixHeader.pch";
				INFOPLIST_FILE = Runtime/Info.plist;
				LD_RUNPATH_SEARCH_PATHS = "$(inherited) @executable_path/Frameworks";
				PRODUCT_BUNDLE_IDENTIFIER = net.h1g.Runtime;
				PRODUCT_NAME = "$(TARGET_NAME)";
			};
			name = Debug;
		};
		040263741DAF67ED0023D7B9 /* Release */ = {
			isa = XCBuildConfiguration;
			buildSettings = {
				ASSETCATALOG_COMPILER_APPICON_NAME = AppIcon;
				DEVELOPMENT_TEAM = 6UARGHV5EB;
				GCC_PREFIX_HEADER = "$(SRCROOT)/Runtime/PrefixHeader.pch";
				INFOPLIST_FILE = Runtime/Info.plist;
				LD_RUNPATH_SEARCH_PATHS = "$(inherited) @executable_path/Frameworks";
				PRODUCT_BUNDLE_IDENTIFIER = net.h1g.Runtime;
				PRODUCT_NAME = "$(TARGET_NAME)";
			};
			name = Release;
		};
/* End XCBuildConfiguration section */

/* Begin XCConfigurationList section */
		040263531DAF67ED0023D7B9 /* Build configuration list for PBXProject "Runtime" */ = {
			isa = XCConfigurationList;
			buildConfigurations = (
				040263701DAF67ED0023D7B9 /* Debug */,
				040263711DAF67ED0023D7B9 /* Release */,
			);
			defaultConfigurationIsVisible = 0;
			defaultConfigurationName = Release;
		};
		040263721DAF67ED0023D7B9 /* Build configuration list for PBXNativeTarget "Runtime" */ = {
			isa = XCConfigurationList;
			buildConfigurations = (
				040263731DAF67ED0023D7B9 /* Debug */,
				040263741DAF67ED0023D7B9 /* Release */,
			);
			defaultConfigurationIsVisible = 0;
			defaultConfigurationName = Release;
		};
/* End XCConfigurationList section */

/* Begin XCVersionGroup section */
		040263671DAF67ED0023D7B9 /* Runtime.xcdatamodeld */ = {
			isa = XCVersionGroup;
			children = (
				040263681DAF67ED0023D7B9 /* Runtime.xcdatamodel */,
			);
			currentVersion = 040263681DAF67ED0023D7B9 /* Runtime.xcdatamodel */;
			path = Runtime.xcdatamodeld;
			sourceTree = "<group>";
			versionGroupType = wrapper.xcdatamodel;
		};
/* End XCVersionGroup section */
	};
	rootObject = 040263501DAF67ED0023D7B9 /* Project object */;
}
